
Microsoft Visual Studio Solution File, Format Version 12.00
# Visual Studio Version 16
VisualStudioVersion = 16.0.30517.126
MinimumVisualStudioVersion = 10.0.40219.1
Project("{FAE04EC0-301F-11D3-BF4B-00C04F79EFBC}") = "MyBeginnerKronometre", "MyBeginnerKronometre\MyBeginnerKronometre.csproj", "{19E7CFE7-9E85-47EE-9CAB-7AC11937F2C6}"
EndProject
Global
	GlobalSection(SolutionConfigurationPlatforms) = preSolution
		Debug|Any CPU = Debug|Any CPU
		Release|Any CPU = Release|Any CPU
	EndGlobalSection
	GlobalSection(ProjectConfigurationPlatforms) = postSolution
		{19E7CFE7-9E85-47EE-9CAB-7AC11937F2C6}.Debug|Any CPU.ActiveCfg = Debug|Any CPU
		{19E7CFE7-9E85-47EE-9CAB-7AC11937F2C6}.Debug|Any CPU.Build.0 = Debug|Any CPU
		{19E7CFE7-9E85-47EE-9CAB-7AC11937F2C6}.Release|Any CPU.ActiveCfg = Release|Any CPU
		{19E7CFE7-9E85-47EE-9CAB-7AC11937F2C6}.Release|Any CPU.Build.0 = Release|Any CPU
	EndGlobalSection
	GlobalSection(SolutionProperties) = preSolution
		HideSolutionNode = FALSE
	EndGlobalSection
	GlobalSection(ExtensibilityGlobals) = postSolution
		SolutionGuid = {3D242F5D-CF85-4541-9493-26B98909BAA2}
	EndGlobalSection
EndGlobal
